
Microsoft Visual Studio Solution File, Format Version 12.00
# Visual Studio Version 16
VisualStudioVersion = 16.0.31702.278
MinimumVisualStudioVersion = 10.0.40219.1
Project("{FAE04EC0-301F-11D3-BF4B-00C04F79EFBC}") = "BankingApp", "BankingApp\BankingApp.csproj", "{DCFA515A-00ED-45E8-9B52-118E2E7CAE6D}"
EndProject
Project("{FAE04EC0-301F-11D3-BF4B-00C04F79EFBC}") = "BBE", "bankbb\BBE.csproj", "{CA26C7A1-C470-4AB9-A8A9-685C8028326D}"
EndProject
Project("{FAE04EC0-301F-11D3-BF4B-00C04F79EFBC}") = "BBAL", "bbal\BBAL.csproj", "{FB9BD175-41D1-4BC0-88D3-E79137D36CE3}"
EndProject
Project("{FAE04EC0-301F-11D3-BF4B-00C04F79EFBC}") = "BDAL", "Bdal\BDAL.csproj", "{7F66766A-6562-43AB-B62B-D7482B413E73}"
EndProject
Project("{FAE04EC0-301F-11D3-BF4B-00C04F79EFBC}") = "BErrorLog", "Berrorlog\BErrorLog.csproj", "{3DE2F0CD-48D8-48D5-B3DD-1ECCEE031DF1}"
EndProject
Global
	GlobalSection(SolutionConfigurationPlatforms) = preSolution
		Debug|Any CPU = Debug|Any CPU
		Release|Any CPU = Release|Any CPU
	EndGlobalSection
	GlobalSection(ProjectConfigurationPlatforms) = postSolution
		{DCFA515A-00ED-45E8-9B52-118E2E7CAE6D}.Debug|Any CPU.ActiveCfg = Debug|Any CPU
		{DCFA515A-00ED-45E8-9B52-118E2E7CAE6D}.Debug|Any CPU.Build.0 = Debug|Any CPU
		{DCFA515A-00ED-45E8-9B52-118E2E7CAE6D}.Release|Any CPU.ActiveCfg = Release|Any CPU
		{DCFA515A-00ED-45E8-9B52-118E2E7CAE6D}.Release|Any CPU.Build.0 = Release|Any CPU
		{CA26C7A1-C470-4AB9-A8A9-685C8028326D}.Debug|Any CPU.ActiveCfg = Debug|Any CPU
		{CA26C7A1-C470-4AB9-A8A9-685C8028326D}.Debug|Any CPU.Build.0 = Debug|Any CPU
		{CA26C7A1-C470-4AB9-A8A9-685C8028326D}.Release|Any CPU.ActiveCfg = Release|Any CPU
		{CA26C7A1-C470-4AB9-A8A9-685C8028326D}.Release|Any CPU.Build.0 = Release|Any CPU
		{FB9BD175-41D1-4BC0-88D3-E79137D36CE3}.Debug|Any CPU.ActiveCfg = Debug|Any CPU
		{FB9BD175-41D1-4BC0-88D3-E79137D36CE3}.Debug|Any CPU.Build.0 = Debug|Any CPU
		{FB9BD175-41D1-4BC0-88D3-E79137D36CE3}.Release|Any CPU.ActiveCfg = Release|Any CPU
		{FB9BD175-41D1-4BC0-88D3-E79137D36CE3}.Release|Any CPU.Build.0 = Release|Any CPU
		{7F66766A-6562-43AB-B62B-D7482B413E73}.Debug|Any CPU.ActiveCfg = Debug|Any CPU
		{7F66766A-6562-43AB-B62B-D7482B413E73}.Debug|Any CPU.Build.0 = Debug|Any CPU
		{7F66766A-6562-43AB-B62B-D7482B413E73}.Release|Any CPU.ActiveCfg = Release|Any CPU
		{7F66766A-6562-43AB-B62B-D7482B413E73}.Release|Any CPU.Build.0 = Release|Any CPU
		{3DE2F0CD-48D8-48D5-B3DD-1ECCEE031DF1}.Debug|Any CPU.ActiveCfg = Debug|Any CPU
		{3DE2F0CD-48D8-48D5-B3DD-1ECCEE031DF1}.Debug|Any CPU.Build.0 = Debug|Any CPU
		{3DE2F0CD-48D8-48D5-B3DD-1ECCEE031DF1}.Release|Any CPU.ActiveCfg = Release|Any CPU
		{3DE2F0CD-48D8-48D5-B3DD-1ECCEE031DF1}.Release|Any CPU.Build.0 = Release|Any CPU
	EndGlobalSection
	GlobalSection(SolutionProperties) = preSolution
		HideSolutionNode = FALSE
	EndGlobalSection
	GlobalSection(ExtensibilityGlobals) = postSolution
		SolutionGuid = {658EEE99-9F87-4410-B18D-EFA2A0DE7298}
	EndGlobalSection
EndGlobal
